// !$*UTF8*$!
{
	archiveVersion = 1;
	classes = {
	};
	objectVersion = 55;
	objects = {

/* Begin PBXBuildFile section */
		EE4E4BEC26FF275A004BA41C /* AppDelegate.m in Sources */ = {isa = PBXBuildFile; fileRef = EE4E4BEB26FF275A004BA41C /* AppDelegate.m */; };
		EE4E4BEF26FF275A004BA41C /* SceneDelegate.m in Sources */ = {isa = PBXBuildFile; fileRef = EE4E4BEE26FF275A004BA41C /* SceneDelegate.m */; };
		EE4E4BF226FF275A004BA41C /* ViewController.m in Sources */ = {isa = PBXBuildFile; fileRef = EE4E4BF126FF275A004BA41C /* ViewController.m */; };
		EE4E4BF526FF275A004BA41C /* Main.storyboard in Resources */ = {isa = PBXBuildFile; fileRef = EE4E4BF326FF275A004BA41C /* Main.storyboard */; };
		EE4E4BF726FF275C004BA41C /* Assets.xcassets in Resources */ = {isa = PBXBuildFile; fileRef = EE4E4BF626FF275C004BA41C /* Assets.xcassets */; };
		EE4E4BFA26FF275C004BA41C /* LaunchScreen.storyboard in Resources */ = {isa = PBXBuildFile; fileRef = EE4E4BF826FF275C004BA41C /* LaunchScreen.storyboard */; };
		EE4E4BFD26FF275C004BA41C /* main.m in Sources */ = {isa = PBXBuildFile; fileRef = EE4E4BFC26FF275C004BA41C /* main.m */; };
/* End PBXBuildFile section */

/* Begin PBXFileReference section */
		EE4E4BE726FF275A004BA41C /* iOS15BlockWriteSignature.app */ = {isa = PBXFileReference; explicitFileType = wrapper.application; includeInIndex = 0; path = iOS15BlockWriteSignature.app; sourceTree = BUILT_PRODUCTS_DIR; };
		EE4E4BEA26FF275A004BA41C /* AppDelegate.h */ = {isa = PBXFileReference; lastKnownFileType = sourcecode.c.h; path = AppDelegate.h; sourceTree = "<group>"; };
		EE4E4BEB26FF275A004BA41C /* AppDelegate.m */ = {isa = PBXFileReference; lastKnownFileType = sourcecode.c.objc; path = AppDelegate.m; sourceTree = "<group>"; };
		EE4E4BED26FF275A004BA41C /* SceneDelegate.h */ = {isa = PBXFileReference; lastKnownFileType = sourcecode.c.h; path = SceneDelegate.h; sourceTree = "<group>"; };
		EE4E4BEE26FF275A004BA41C /* SceneDelegate.m */ = {isa = PBXFileReference; lastKnownFileType = sourcecode.c.objc; path = SceneDelegate.m; sourceTree = "<group>"; };
		EE4E4BF026FF275A004BA41C /* ViewController.h */ = {isa = PBXFileReference; lastKnownFileType = sourcecode.c.h; path = ViewController.h; sourceTree = "<group>"; };
		EE4E4BF126FF275A004BA41C /* ViewController.m */ = {isa = PBXFileReference; lastKnownFileType = sourcecode.c.objc; path = ViewController.m; sourceTree = "<group>"; };
		EE4E4BF426FF275A004BA41C /* Base */ = {isa = PBXFileReference; lastKnownFileType = file.storyboard; name = Base; path = Base.lproj/Main.storyboard; sourceTree = "<group>"; };
		EE4E4BF626FF275C004BA41C /* Assets.xcassets */ = {isa = PBXFileReference; lastKnownFileType = folder.assetcatalog; path = Assets.xcassets; sourceTree = "<group>"; };
		EE4E4BF926FF275C004BA41C /* Base */ = {isa = PBXFileReference; lastKnownFileType = file.storyboard; name = Base; path = Base.lproj/LaunchScreen.storyboard; sourceTree = "<group>"; };
		EE4E4BFB26FF275C004BA41C /* Info.plist */ = {isa = PBXFileReference; lastKnownFileType = text.plist.xml; path = Info.plist; sourceTree = "<group>"; };
		EE4E4BFC26FF275C004BA41C /* main.m */ = {isa = PBXFileReference; lastKnownFileType = sourcecode.c.objc; path = main.m; sourceTree = "<group>"; };
/* End PBXFileReference section */

/* Begin PBXFrameworksBuildPhase section */
		EE4E4BE426FF275A004BA41C /* Frameworks */ = {
			isa = PBXFrameworksBuildPhase;
			buildActionMask = 2147483647;
			files = (
			);
			runOnlyForDeploymentPostprocessing = 0;
		};
/* End PBXFrameworksBuildPhase section */

/* Begin PBXGroup section */
		EE4E4BDE26FF275A004BA41C = {
			isa = PBXGroup;
			children = (
				EE4E4BE926FF275A004BA41C /* iOS15BlockWriteSignature */,
				EE4E4BE826FF275A004BA41C /* Products */,
			);
			sourceTree = "<group>";
		};
		EE4E4BE826FF275A004BA41C /* Products */ = {
			isa = PBXGroup;
			children = (
				EE4E4BE726FF275A004BA41C /* iOS15BlockWriteSignature.app */,
			);
			name = Products;
			sourceTree = "<group>";
		};
		EE4E4BE926FF275A004BA41C /* iOS15BlockWriteSignature */ = {
			isa = PBXGroup;
			children = (
				EE4E4BEA26FF275A004BA41C /* AppDelegate.h */,
				EE4E4BEB26FF275A004BA41C /* AppDelegate.m */,
				EE4E4BED26FF275A004BA41C /* SceneDelegate.h */,
				EE4E4BEE26FF275A004BA41C /* SceneDelegate.m */,
				EE4E4BF026FF275A004BA41C /* ViewController.h */,
				EE4E4BF126FF275A004BA41C /* ViewController.m */,
				EE4E4BF326FF275A004BA41C /* Main.storyboard */,
				EE4E4BF626FF275C004BA41C /* Assets.xcassets */,
				EE4E4BF826FF275C004BA41C /* LaunchScreen.storyboard */,
				EE4E4BFB26FF275C004BA41C /* Info.plist */,
				EE4E4BFC26FF275C004BA41C /* main.m */,
			);
			path = iOS15BlockWriteSignature;
			sourceTree = "<group>";
		};
/* End PBXGroup section */

/* Begin PBXNativeTarget section */
		EE4E4BE626FF275A004BA41C /* iOS15BlockWriteSignature */ = {
			isa = PBXNativeTarget;
			buildConfigurationList = EE4E4C0026FF275C004BA41C /* Build configuration list for PBXNativeTarget "iOS15BlockWriteSignature" */;
			buildPhases = (
				EE4E4BE326FF275A004BA41C /* Sources */,
				EE4E4BE426FF275A004BA41C /* Frameworks */,
				EE4E4BE526FF275A004BA41C /* Resources */,
			);
			buildRules = (
			);
			dependencies = (
			);
			name = iOS15BlockWriteSignature;
			productName = iOS15BlockWriteSignature;
			productReference = EE4E4BE726FF275A004BA41C /* iOS15BlockWriteSignature.app */;
			productType = "com.apple.product-type.application";
		};
/* End PBXNativeTarget section */

/* Begin PBXProject section */
		EE4E4BDF26FF275A004BA41C /* Project object */ = {
			isa = PBXProject;
			attributes = {
				BuildIndependentTargetsInParallel = 1;
				LastUpgradeCheck = 1300;
				TargetAttributes = {
					EE4E4BE626FF275A004BA41C = {
						CreatedOnToolsVersion = 13.0;
					};
				};
			};
			buildConfigurationList = EE4E4BE226FF275A004BA41C /* Build configuration list for PBXProject "iOS15BlockWriteSignature" */;
			compatibilityVersion = "Xcode 13.0";
			developmentRegion = en;
			hasScannedForEncodings = 0;
			knownRegions = (
				en,
				Base,
			);
			mainGroup = EE4E4BDE26FF275A004BA41C;
			productRefGroup = EE4E4BE826FF275A004BA41C /* Products */;
			projectDirPath = "";
			projectRoot = "";
			targets = (
				EE4E4BE626FF275A004BA41C /* iOS15BlockWriteSignature */,
			);
		};
/* End PBXProject section */

/* Begin PBXResourcesBuildPhase section */
		EE4E4BE526FF275A004BA41C /* Resources */ = {
			isa = PBXResourcesBuildPhase;
			buildActionMask = 2147483647;
			files = (
				EE4E4BFA26FF275C004BA41C /* LaunchScreen.storyboard in Resources */,
				EE4E4BF726FF275C004BA41C /* Assets.xcassets in Resources */,
				EE4E4BF526FF275A004BA41C /* Main.storyboard in Resources */,
			);
			runOnlyForDeploymentPostprocessing = 0;
		};
/* End PBXResourcesBuildPhase section */

/* Begin PBXSourcesBuildPhase section */
		EE4E4BE326FF275A004BA41C /* Sources */ = {
			isa = PBXSourcesBuildPhase;
			buildActionMask = 2147483647;
			files = (
				EE4E4BF226FF275A004BA41C /* ViewController.m in Sources */,
				EE4E4BEC26FF275A004BA41C /* AppDelegate.m in Sources */,
				EE4E4BFD26FF275C004BA41C /* main.m in Sources */,
				EE4E4BEF26FF275A004BA41C /* SceneDelegate.m in Sources */,
			);
			runOnlyForDeploymentPostprocessing = 0;
		};
/* End PBXSourcesBuildPhase section */

/* Begin PBXVariantGroup section */
		EE4E4BF326FF275A004BA41C /* Main.storyboard */ = {
			isa = PBXVariantGroup;
			children = (
				EE4E4BF426FF275A004BA41C /* Base */,
			);
			name = Main.storyboard;
			sourceTree = "<group>";
		};
		EE4E4BF826FF275C004BA41C /* LaunchScreen.storyboard */ = {
			isa = PBXVariantGroup;
			children = (
				EE4E4BF926FF275C004BA41C /* Base */,
			);
			name = LaunchScreen.storyboard;
			sourceTree = "<group>";
		};
/* End PBXVariantGroup section */

/* Begin XCBuildConfiguration section */
		EE4E4BFE26FF275C004BA41C /* Debug */ = {
			isa = XCBuildConfiguration;
			buildSettings = {
				ALWAYS_SEARCH_USER_PATHS = NO;
				CLANG_ANALYZER_NONNULL = YES;
				CLANG_ANALYZER_NUMBER_OBJECT_CONVERSION = YES_AGGRESSIVE;
				CLANG_CXX_LANGUAGE_STANDARD = "gnu++17";
				CLANG_CXX_LIBRARY = "libc++";
				CLANG_ENABLE_MODULES = YES;
				CLANG_ENABLE_OBJC_ARC = YES;
				CLANG_ENABLE_OBJC_WEAK = YES;
				CLANG_WARN_BLOCK_CAPTURE_AUTORELEASING = YES;
				CLANG_WARN_BOOL_CONVERSION = YES;
				CLANG_WARN_COMMA = YES;
				CLANG_WARN_CONSTANT_CONVERSION = YES;
				CLANG_WARN_DEPRECATED_OBJC_IMPLEMENTATIONS = YES;
				CLANG_WARN_DIRECT_OBJC_ISA_USAGE = YES_ERROR;
				CLANG_WARN_DOCUMENTATION_COMMENTS = YES;
				CLANG_WARN_EMPTY_BODY = YES;
				CLANG_WARN_ENUM_CONVERSION = YES;
				CLANG_WARN_INFINITE_RECURSION = YES;
				CLANG_WARN_INT_CONVERSION = YES;
				CLANG_WARN_NON_LITERAL_NULL_CONVERSION = YES;
				CLANG_WARN_OBJC_IMPLICIT_RETAIN_SELF = YES;
				CLANG_WARN_OBJC_LITERAL_CONVERSION = YES;
				CLANG_WARN_OBJC_ROOT_CLASS = YES_ERROR;
				CLANG_WARN_QUOTED_INCLUDE_IN_FRAMEWORK_HEADER = YES;
				CLANG_WARN_RANGE_LOOP_ANALYSIS = YES;
				CLANG_WARN_STRICT_PROTOTYPES = YES;
				CLANG_WARN_SUSPICIOUS_MOVE = YES;
				CLANG_WARN_UNGUARDED_AVAILABILITY = YES_AGGRESSIVE;
				CLANG_WARN_UNREACHABLE_CODE = YES;
				CLANG_WARN__DUPLICATE_METHOD_MATCH = YES;
				COPY_PHASE_STRIP = NO;
				DEBUG_INFORMATION_FORMAT = dwarf;
				ENABLE_STRICT_OBJC_MSGSEND = YES;
				ENABLE_TESTABILITY = YES;
				GCC_C_LANGUAGE_STANDARD = gnu11;
				GCC_DYNAMIC_NO_PIC = NO;
				GCC_NO_COMMON_BLOCKS = YES;
				GCC_OPTIMIZATION_LEVEL = 0;
				GCC_PREPROCESSOR_DEFINITIONS = (
					"DEBUG=1",
					"$(inherited)",
				);
				GCC_WARN_64_TO_32_BIT_CONVERSION = YES;
				GCC_WARN_ABOUT_RETURN_TYPE = YES_ERROR;
				GCC_WARN_UNDECLARED_SELECTOR = YES;
				GCC_WARN_UNINITIALIZED_AUTOS = YES_AGGRESSIVE;
				GCC_WARN_UNUSED_FUNCTION = YES;
				GCC_WARN_UNUSED_VARIABLE = YES;
				IPHONEOS_DEPLOYMENT_TARGET = 15.0;
				MTL_ENABLE_DEBUG_INFO = INCLUDE_SOURCE;
				MTL_FAST_MATH = YES;
				ONLY_ACTIVE_ARCH = YES;
				SDKROOT = iphoneos;
			};
			name = Debug;
		};
		EE4E4BFF26FF275C004BA41C /* Release */ = {
			isa = XCBuildConfiguration;
			buildSettings = {
				ALWAYS_SEARCH_USER_PATHS = NO;
				CLANG_ANALYZER_NONNULL = YES;
				CLANG_ANALYZER_NUMBER_OBJECT_CONVERSION = YES_AGGRESSIVE;
				CLANG_CXX_LANGUAGE_STANDARD = "gnu++17";
				CLANG_CXX_LIBRARY = "libc++";
				CLANG_ENABLE_MODULES = YES;
				CLANG_ENABLE_OBJC_ARC = YES;
				CLANG_ENABLE_OBJC_WEAK = YES;
				CLANG_WARN_BLOCK_CAPTURE_AUTORELEASING = YES;
				CLANG_WARN_BOOL_CONVERSION = YES;
				CLANG_WARN_COMMA = YES;
				CLANG_WARN_CONSTANT_CONVERSION = YES;
				CLANG_WARN_DEPRECATED_OBJC_IMPLEMENTATIONS = YES;
				CLANG_WARN_DIRECT_OBJC_ISA_USAGE = YES_ERROR;
				CLANG_WARN_DOCUMENTATION_COMMENTS = YES;
				CLANG_WARN_EMPTY_BODY = YES;
				CLANG_WARN_ENUM_CONVERSION = YES;
				CLANG_WARN_INFINITE_RECURSION = YES;
				CLANG_WARN_INT_CONVERSION = YES;
				CLANG_WARN_NON_LITERAL_NULL_CONVERSION = YES;
				CLANG_WARN_OBJC_IMPLICIT_RETAIN_SELF = YES;
				CLANG_WARN_OBJC_LITERAL_CONVERSION = YES;
				CLANG_WARN_OBJC_ROOT_CLASS = YES_ERROR;
				CLANG_WARN_QUOTED_INCLUDE_IN_FRAMEWORK_HEADER = YES;
				CLANG_WARN_RANGE_LOOP_ANALYSIS = YES;
				CLANG_WARN_STRICT_PROTOTYPES = YES;
				CLANG_WARN_SUSPICIOUS_MOVE = YES;
				CLANG_WARN_UNGUARDED_AVAILABILITY = YES_AGGRESSIVE;
				CLANG_WARN_UNREACHABLE_CODE = YES;
				CLANG_WARN__DUPLICATE_METHOD_MATCH = YES;
				COPY_PHASE_STRIP = NO;
				DEBUG_INFORMATION_FORMAT = "dwarf-with-dsym";
				ENABLE_NS_ASSERTIONS = NO;
				ENABLE_STRICT_OBJC_MSGSEND = YES;
				GCC_C_LANGUAGE_STANDARD = gnu11;
				GCC_NO_COMMON_BLOCKS = YES;
				GCC_WARN_64_TO_32_BIT_CONVERSION = YES;
				GCC_WARN_ABOUT_RETURN_TYPE = YES_ERROR;
				GCC_WARN_UNDECLARED_SELECTOR = YES;
				GCC_WARN_UNINITIALIZED_AUTOS = YES_AGGRESSIVE;
				GCC_WARN_UNUSED_FUNCTION = YES;
				GCC_WARN_UNUSED_VARIABLE = YES;
				IPHONEOS_DEPLOYMENT_TARGET = 15.0;
				MTL_ENABLE_DEBUG_INFO = NO;
				MTL_FAST_MATH = YES;
				SDKROOT = iphoneos;
				VALIDATE_PRODUCT = YES;
			};
			name = Release;
		};
		EE4E4C0126FF275C004BA41C /* Debug */ = {
			isa = XCBuildConfiguration;
			buildSettings = {
				ASSETCATALOG_COMPILER_APPICON_NAME = AppIcon;
				ASSETCATALOG_COMPILER_GLOBAL_ACCENT_COLOR_NAME = AccentColor;
				CODE_SIGN_STYLE = Automatic;
				CURRENT_PROJECT_VERSION = 1;
				DEVELOPMENT_TEAM = "";
				GENERATE_INFOPLIST_FILE = YES;
				INFOPLIST_FILE = iOS15BlockWriteSignature/Info.plist;
				INFOPLIST_KEY_UIApplicationSupportsIndirectInputEvents = YES;
				INFOPLIST_KEY_UILaunchStoryboardName = LaunchScreen;
				INFOPLIST_KEY_UIMainStoryboardFile = Main;
				INFOPLIST_KEY_UISupportedInterfaceOrientations_iPad = "UIInterfaceOrientationPortrait UIInterfaceOrientationPortraitUpsideDown UIInterfaceOrientationLandscapeLeft UIInterfaceOrientationLandscapeRight";
				INFOPLIST_KEY_UISupportedInterfaceOrientations_iPhone = "UIInterfaceOrientationPortrait UIInterfaceOrientationLandscapeLeft UIInterfaceOrientationLandscapeRight";
				IPHONEOS_DEPLOYMENT_TARGET = 11.0;
				LD_RUNPATH_SEARCH_PATHS = (
					"$(inherited)",
					"@executable_path/Frameworks",
				);
				MARKETING_VERSION = 1.0;
				PRODUCT_BUNDLE_IDENTIFIER = silverfruity.iOS15BlockWriteSignature;
				PRODUCT_NAME = "$(TARGET_NAME)";
				SWIFT_EMIT_LOC_STRINGS = YES;
				TARGETED_DEVICE_FAMILY = 1;
			};
			name = Debug;
		};
		EE4E4C0226FF275C004BA41C /* Release */ = {
			isa = XCBuildConfiguration;
			buildSettings = {
				ASSETCATALOG_COMPILER_APPICON_NAME = AppIcon;
				ASSETCATALOG_COMPILER_GLOBAL_ACCENT_COLOR_NAME = AccentColor;
				CODE_SIGN_STYLE = Automatic;
				CURRENT_PROJECT_VERSION = 1;
				DEVELOPMENT_TEAM = "";
				GENERATE_INFOPLIST_FILE = YES;
				INFOPLIST_FILE = iOS15BlockWriteSignature/Info.plist;
				INFOPLIST_KEY_UIApplicationSupportsIndirectInputEvents = YES;
				INFOPLIST_KEY_UILaunchStoryboardName = LaunchScreen;
				INFOPLIST_KEY_UIMainStoryboardFile = Main;
				INFOPLIST_KEY_UISupportedInterfaceOrientations_iPad = "UIInterfaceOrientationPortrait UIInterfaceOrientationPortraitUpsideDown UIInterfaceOrientationLandscapeLeft UIInterfaceOrientationLandscapeRight";
				INFOPLIST_KEY_UISupportedInterfaceOrientations_iPhone = "UIInterfaceOrientationPortrait UIInterfaceOrientationLandscapeLeft UIInterfaceOrientationLandscapeRight";
				IPHONEOS_DEPLOYMENT_TARGET = 11.0;
				LD_RUNPATH_SEARCH_PATHS = (
					"$(inherited)",
					"@executable_path/Frameworks",
				);
				MARKETING_VERSION = 1.0;
				PRODUCT_BUNDLE_IDENTIFIER = silverfruity.iOS15BlockWriteSignature;
				PRODUCT_NAME = "$(TARGET_NAME)";
				SWIFT_EMIT_LOC_STRINGS = YES;
				TARGETED_DEVICE_FAMILY = 1;
			};
			name = Release;
		};
/* End XCBuildConfiguration section */

/* Begin XCConfigurationList section */
		EE4E4BE226FF275A004BA41C /* Build configuration list for PBXProject "iOS15BlockWriteSignature" */ = {
			isa = XCConfigurationList;
			buildConfigurations = (
				EE4E4BFE26FF275C004BA41C /* Debug */,
				EE4E4BFF26FF275C004BA41C /* Release */,
			);
			defaultConfigurationIsVisible = 0;
			defaultConfigurationName = Release;
		};
		EE4E4C0026FF275C004BA41C /* Build configuration list for PBXNativeTarget "iOS15BlockWriteSignature" */ = {
			isa = XCConfigurationList;
			buildConfigurations = (
				EE4E4C0126FF275C004BA41C /* Debug */,
				EE4E4C0226FF275C004BA41C /* Release */,
			);
			defaultConfigurationIsVisible = 0;
			defaultConfigurationName = Release;
		};
/* End XCConfigurationList section */
	};
	rootObject = EE4E4BDF26FF275A004BA41C /* Project object */;
}
